
Microsoft Visual Studio Solution File, Format Version 12.00
# Visual Studio Version 17
VisualStudioVersion = 17.1.32228.430
MinimumVisualStudioVersion = 10.0.40219.1
Project("{FAE04EC0-301F-11D3-BF4B-00C04F79EFBC}") = "Ache.Dzen.Bars", "Ache.Dzen.Bars\Ache.Dzen.Bars.csproj", "{68E9E045-8629-4CE4-A29A-07D462D68CB0}"
EndProject
Global
	GlobalSection(SolutionConfigurationPlatforms) = preSolution
		Debug|Any CPU = Debug|Any CPU
		Release|Any CPU = Release|Any CPU
	EndGlobalSection
	GlobalSection(ProjectConfigurationPlatforms) = postSolution
		{68E9E045-8629-4CE4-A29A-07D462D68CB0}.Debug|Any CPU.ActiveCfg = Debug|Any CPU
		{68E9E045-8629-4CE4-A29A-07D462D68CB0}.Debug|Any CPU.Build.0 = Debug|Any CPU
		{68E9E045-8629-4CE4-A29A-07D462D68CB0}.Release|Any CPU.ActiveCfg = Release|Any CPU
		{68E9E045-8629-4CE4-A29A-07D462D68CB0}.Release|Any CPU.Build.0 = Release|Any CPU
	EndGlobalSection
	GlobalSection(SolutionProperties) = preSolution
		HideSolutionNode = FALSE
	EndGlobalSection
	GlobalSection(ExtensibilityGlobals) = postSolution
		SolutionGuid = {11C38F71-A44E-4249-836D-CE187B0BB113}
	EndGlobalSection
EndGlobal
